
Microsoft Visual Studio Solution File, Format Version 12.00
# Visual Studio Version 17
VisualStudioVersion = 17.1.32319.34
MinimumVisualStudioVersion = 10.0.40219.1
Project("{FAE04EC0-301F-11D3-BF4B-00C04F79EFBC}") = "TesteXUnit1", "TesteXUnit1\TesteXUnit1.csproj", "{067123B5-544E-47CF-8E69-2EA0A077B695}"
EndProject
Project("{2150E333-8FDC-42A3-9474-1A3956D46DE8}") = "TesteXUnit2", "TesteXUnit2", "{1C93A17D-1CA4-451C-9566-0E96368AEE87}"
EndProject
Project("{FAE04EC0-301F-11D3-BF4B-00C04F79EFBC}") = "TestProject2", "TestProject2\TestProject2.csproj", "{843424EA-FABC-48F6-A927-293632C24475}"
EndProject
Global
	GlobalSection(SolutionConfigurationPlatforms) = preSolution
		Debug|Any CPU = Debug|Any CPU
		Release|Any CPU = Release|Any CPU
	EndGlobalSection
	GlobalSection(ProjectConfigurationPlatforms) = postSolution
		{067123B5-544E-47CF-8E69-2EA0A077B695}.Debug|Any CPU.ActiveCfg = Debug|Any CPU
		{067123B5-544E-47CF-8E69-2EA0A077B695}.Debug|Any CPU.Build.0 = Debug|Any CPU
		{067123B5-544E-47CF-8E69-2EA0A077B695}.Release|Any CPU.ActiveCfg = Release|Any CPU
		{067123B5-544E-47CF-8E69-2EA0A077B695}.Release|Any CPU.Build.0 = Release|Any CPU
		{843424EA-FABC-48F6-A927-293632C24475}.Debug|Any CPU.ActiveCfg = Debug|Any CPU
		{843424EA-FABC-48F6-A927-293632C24475}.Debug|Any CPU.Build.0 = Debug|Any CPU
		{843424EA-FABC-48F6-A927-293632C24475}.Release|Any CPU.ActiveCfg = Release|Any CPU
		{843424EA-FABC-48F6-A927-293632C24475}.Release|Any CPU.Build.0 = Release|Any CPU
	EndGlobalSection
	GlobalSection(SolutionProperties) = preSolution
		HideSolutionNode = FALSE
	EndGlobalSection
	GlobalSection(NestedProjects) = preSolution
		{843424EA-FABC-48F6-A927-293632C24475} = {1C93A17D-1CA4-451C-9566-0E96368AEE87}
	EndGlobalSection
	GlobalSection(ExtensibilityGlobals) = postSolution
		SolutionGuid = {EC18E5F3-A609-4173-B366-B5F7E83394A2}
	EndGlobalSection
EndGlobal
